
Microsoft Visual Studio Solution File, Format Version 12.00
# Visual Studio Version 17
VisualStudioVersion = 17.7.34221.43
MinimumVisualStudioVersion = 10.0.40219.1
Project("{FAE04EC0-301F-11D3-BF4B-00C04F79EFBC}") = "HeadHunterClone.API", "HeadHunterClone.API\HeadHunterClone.API.csproj", "{4EB12361-3E55-44AD-90D6-6338EEA70A67}"
EndProject
Global
	GlobalSection(SolutionConfigurationPlatforms) = preSolution
		Debug|Any CPU = Debug|Any CPU
		Release|Any CPU = Release|Any CPU
	EndGlobalSection
	GlobalSection(ProjectConfigurationPlatforms) = postSolution
		{4EB12361-3E55-44AD-90D6-6338EEA70A67}.Debug|Any CPU.ActiveCfg = Debug|Any CPU
		{4EB12361-3E55-44AD-90D6-6338EEA70A67}.Debug|Any CPU.Build.0 = Debug|Any CPU
		{4EB12361-3E55-44AD-90D6-6338EEA70A67}.Release|Any CPU.ActiveCfg = Release|Any CPU
		{4EB12361-3E55-44AD-90D6-6338EEA70A67}.Release|Any CPU.Build.0 = Release|Any CPU
	EndGlobalSection
	GlobalSection(SolutionProperties) = preSolution
		HideSolutionNode = FALSE
	EndGlobalSection
	GlobalSection(ExtensibilityGlobals) = postSolution
		SolutionGuid = {C345BD65-6C72-43F8-8658-258F0CACE5CD}
	EndGlobalSection
EndGlobal
